
Microsoft Visual Studio Solution File, Format Version 12.00
# Visual Studio Version 16
VisualStudioVersion = 16.0.30413.136
MinimumVisualStudioVersion = 10.0.40219.1
Project("{2150E333-8FDC-42A3-9474-1A3956D46DE8}") = "Services", "Services", "{7CF476AE-76C7-4000-91D4-0EECC4126316}"
EndProject
Project("{2150E333-8FDC-42A3-9474-1A3956D46DE8}") = "Catalog", "Catalog", "{31D328D1-9BFF-4FE5-BFE9-FD04B39FFD45}"
EndProject
Project("{9A19103F-16F7-4668-BE54-9A1E7A4F7556}") = "Catalog.API", "Services\Catalog\Catalog.API\Catalog.API.csproj", "{5A55F8C3-5EE5-40BF-B111-F75CF5DDFC15}"
EndProject
Project("{E53339B2-1760-4266-BCC7-CA923CBCF16C}") = "docker-compose", "docker-compose.dcproj", "{C7C660FD-88B7-4BC1-966E-3C30BF6E0ADA}"
EndProject
Project("{2150E333-8FDC-42A3-9474-1A3956D46DE8}") = "Basket", "Basket", "{1A01C56E-FC88-4178-A08C-03A332DD8ABB}"
EndProject
Project("{9A19103F-16F7-4668-BE54-9A1E7A4F7556}") = "Basket.API", "Services\Basket\Basket.API\Basket.API.csproj", "{FF6370E0-DF74-437B-8656-5437E57BCE24}"
EndProject
Project("{2150E333-8FDC-42A3-9474-1A3956D46DE8}") = "Discount", "Discount", "{4F347BA9-5351-4B72-A0EB-A7D691BAB3F0}"
EndProject
Project("{9A19103F-16F7-4668-BE54-9A1E7A4F7556}") = "Discount.API", "Services\Discount\Discount.API\Discount.API.csproj", "{6ABA269B-84CF-4E99-863B-54D73A164732}"
EndProject
Project("{9A19103F-16F7-4668-BE54-9A1E7A4F7556}") = "Discount.Grpc", "Services\Discount\Discount.Grpc\Discount.Grpc.csproj", "{702998E2-8EB5-4CAE-94E7-E6FEBB9133B8}"
EndProject
Project("{2150E333-8FDC-42A3-9474-1A3956D46DE8}") = "Ordering", "Ordering", "{7FA84814-C00B-4536-9E2B-33B96C20C082}"
EndProject
Project("{FAE04EC0-301F-11D3-BF4B-00C04F79EFBC}") = "Ordering.API", "Services\Ordering\Ordering.API\Ordering.API.csproj", "{8B56C0C5-4152-4881-BCBC-14C510F0E6AD}"
EndProject
Project("{FAE04EC0-301F-11D3-BF4B-00C04F79EFBC}") = "Ordering.Domain", "Services\Ordering\Ordering.Domain\Ordering.Domain.csproj", "{DDCF33BC-29C5-438A-A70C-A2265A00D4A3}"
EndProject
Project("{FAE04EC0-301F-11D3-BF4B-00C04F79EFBC}") = "Ordering.Application", "Services\Ordering\Ordering.Application\Ordering.Application.csproj", "{D07F1364-728B-4C0B-913F-99D0D732A04D}"
EndProject
Project("{FAE04EC0-301F-11D3-BF4B-00C04F79EFBC}") = "Ordering.Infrastructure", "Services\Ordering\Ordering.Infrastructure\Ordering.Infrastructure.csproj", "{39027D29-8062-43F4-BA43-BD935AC1C22B}"
EndProject
Global
	GlobalSection(SolutionConfigurationPlatforms) = preSolution
		Debug|Any CPU = Debug|Any CPU
		Release|Any CPU = Release|Any CPU
	EndGlobalSection
	GlobalSection(ProjectConfigurationPlatforms) = postSolution
		{5A55F8C3-5EE5-40BF-B111-F75CF5DDFC15}.Debug|Any CPU.ActiveCfg = Debug|Any CPU
		{5A55F8C3-5EE5-40BF-B111-F75CF5DDFC15}.Debug|Any CPU.Build.0 = Debug|Any CPU
		{5A55F8C3-5EE5-40BF-B111-F75CF5DDFC15}.Release|Any CPU.ActiveCfg = Release|Any CPU
		{5A55F8C3-5EE5-40BF-B111-F75CF5DDFC15}.Release|Any CPU.Build.0 = Release|Any CPU
		{C7C660FD-88B7-4BC1-966E-3C30BF6E0ADA}.Debug|Any CPU.ActiveCfg = Debug|Any CPU
		{C7C660FD-88B7-4BC1-966E-3C30BF6E0ADA}.Debug|Any CPU.Build.0 = Debug|Any CPU
		{C7C660FD-88B7-4BC1-966E-3C30BF6E0ADA}.Release|Any CPU.ActiveCfg = Release|Any CPU
		{C7C660FD-88B7-4BC1-966E-3C30BF6E0ADA}.Release|Any CPU.Build.0 = Release|Any CPU
		{FF6370E0-DF74-437B-8656-5437E57BCE24}.Debug|Any CPU.ActiveCfg = Debug|Any CPU
		{FF6370E0-DF74-437B-8656-5437E57BCE24}.Debug|Any CPU.Build.0 = Debug|Any CPU
		{FF6370E0-DF74-437B-8656-5437E57BCE24}.Release|Any CPU.ActiveCfg = Release|Any CPU
		{FF6370E0-DF74-437B-8656-5437E57BCE24}.Release|Any CPU.Build.0 = Release|Any CPU
		{6ABA269B-84CF-4E99-863B-54D73A164732}.Debug|Any CPU.ActiveCfg = Debug|Any CPU
		{6ABA269B-84CF-4E99-863B-54D73A164732}.Debug|Any CPU.Build.0 = Debug|Any CPU
		{6ABA269B-84CF-4E99-863B-54D73A164732}.Release|Any CPU.ActiveCfg = Release|Any CPU
		{6ABA269B-84CF-4E99-863B-54D73A164732}.Release|Any CPU.Build.0 = Release|Any CPU
		{702998E2-8EB5-4CAE-94E7-E6FEBB9133B8}.Debug|Any CPU.ActiveCfg = Debug|Any CPU
		{702998E2-8EB5-4CAE-94E7-E6FEBB9133B8}.Debug|Any CPU.Build.0 = Debug|Any CPU
		{702998E2-8EB5-4CAE-94E7-E6FEBB9133B8}.Release|Any CPU.ActiveCfg = Release|Any CPU
		{702998E2-8EB5-4CAE-94E7-E6FEBB9133B8}.Release|Any CPU.Build.0 = Release|Any CPU
		{8B56C0C5-4152-4881-BCBC-14C510F0E6AD}.Debug|Any CPU.ActiveCfg = Debug|Any CPU
		{8B56C0C5-4152-4881-BCBC-14C510F0E6AD}.Debug|Any CPU.Build.0 = Debug|Any CPU
		{8B56C0C5-4152-4881-BCBC-14C510F0E6AD}.Release|Any CPU.ActiveCfg = Release|Any CPU
		{8B56C0C5-4152-4881-BCBC-14C510F0E6AD}.Release|Any CPU.Build.0 = Release|Any CPU
		{DDCF33BC-29C5-438A-A70C-A2265A00D4A3}.Debug|Any CPU.ActiveCfg = Debug|Any CPU
		{DDCF33BC-29C5-438A-A70C-A2265A00D4A3}.Debug|Any CPU.Build.0 = Debug|Any CPU
		{DDCF33BC-29C5-438A-A70C-A2265A00D4A3}.Release|Any CPU.ActiveCfg = Release|Any CPU
		{DDCF33BC-29C5-438A-A70C-A2265A00D4A3}.Release|Any CPU.Build.0 = Release|Any CPU
		{D07F1364-728B-4C0B-913F-99D0D732A04D}.Debug|Any CPU.ActiveCfg = Debug|Any CPU
		{D07F1364-728B-4C0B-913F-99D0D732A04D}.Debug|Any CPU.Build.0 = Debug|Any CPU
		{D07F1364-728B-4C0B-913F-99D0D732A04D}.Release|Any CPU.ActiveCfg = Release|Any CPU
		{D07F1364-728B-4C0B-913F-99D0D732A04D}.Release|Any CPU.Build.0 = Release|Any CPU
		{39027D29-8062-43F4-BA43-BD935AC1C22B}.Debug|Any CPU.ActiveCfg = Debug|Any CPU
		{39027D29-8062-43F4-BA43-BD935AC1C22B}.Debug|Any CPU.Build.0 = Debug|Any CPU
		{39027D29-8062-43F4-BA43-BD935AC1C22B}.Release|Any CPU.ActiveCfg = Release|Any CPU
		{39027D29-8062-43F4-BA43-BD935AC1C22B}.Release|Any CPU.Build.0 = Release|Any CPU
	EndGlobalSection
	GlobalSection(SolutionProperties) = preSolution
		HideSolutionNode = FALSE
	EndGlobalSection
	GlobalSection(NestedProjects) = preSolution
		{31D328D1-9BFF-4FE5-BFE9-FD04B39FFD45} = {7CF476AE-76C7-4000-91D4-0EECC4126316}
		{5A55F8C3-5EE5-40BF-B111-F75CF5DDFC15} = {31D328D1-9BFF-4FE5-BFE9-FD04B39FFD45}
		{1A01C56E-FC88-4178-A08C-03A332DD8ABB} = {7CF476AE-76C7-4000-91D4-0EECC4126316}
		{FF6370E0-DF74-437B-8656-5437E57BCE24} = {1A01C56E-FC88-4178-A08C-03A332DD8ABB}
		{4F347BA9-5351-4B72-A0EB-A7D691BAB3F0} = {7CF476AE-76C7-4000-91D4-0EECC4126316}
		{6ABA269B-84CF-4E99-863B-54D73A164732} = {4F347BA9-5351-4B72-A0EB-A7D691BAB3F0}
		{702998E2-8EB5-4CAE-94E7-E6FEBB9133B8} = {4F347BA9-5351-4B72-A0EB-A7D691BAB3F0}
		{7FA84814-C00B-4536-9E2B-33B96C20C082} = {7CF476AE-76C7-4000-91D4-0EECC4126316}
		{8B56C0C5-4152-4881-BCBC-14C510F0E6AD} = {7FA84814-C00B-4536-9E2B-33B96C20C082}
		{DDCF33BC-29C5-438A-A70C-A2265A00D4A3} = {7FA84814-C00B-4536-9E2B-33B96C20C082}
		{D07F1364-728B-4C0B-913F-99D0D732A04D} = {7FA84814-C00B-4536-9E2B-33B96C20C082}
		{39027D29-8062-43F4-BA43-BD935AC1C22B} = {7FA84814-C00B-4536-9E2B-33B96C20C082}
	EndGlobalSection
	GlobalSection(ExtensibilityGlobals) = postSolution
		SolutionGuid = {89420ADE-3966-44F3-A038-2B35846BA291}
	EndGlobalSection
EndGlobal
